// !$*UTF8*$!
{
	archiveVersion = 1;
	classes = {
	};
	objectVersion = 50;
	objects = {

/* Begin PBXBuildFile section */
		50BD93A7234C5F6E00A655DC /* AppDelegate.swift in Sources */ = {isa = PBXBuildFile; fileRef = 50BD93A6234C5F6E00A655DC /* AppDelegate.swift */; };
		50BD93A9234C5F6E00A655DC /* ViewController.swift in Sources */ = {isa = PBXBuildFile; fileRef = 50BD93A8234C5F6E00A655DC /* ViewController.swift */; };
		50BD93AC234C5F6E00A655DC /* Main.storyboard in Resources */ = {isa = PBXBuildFile; fileRef = 50BD93AA234C5F6E00A655DC /* Main.storyboard */; };
		50BD93AE234C5F7000A655DC /* Assets.xcassets in Resources */ = {isa = PBXBuildFile; fileRef = 50BD93AD234C5F7000A655DC /* Assets.xcassets */; };
		50BD93B1234C5F7000A655DC /* LaunchScreen.storyboard in Resources */ = {isa = PBXBuildFile; fileRef = 50BD93AF234C5F7000A655DC /* LaunchScreen.storyboard */; };
		50BD93BC234C602500A655DC /* TableViewCell.swift in Sources */ = {isa = PBXBuildFile; fileRef = 50BD93BA234C602500A655DC /* TableViewCell.swift */; };
		50BD93BD234C602500A655DC /* TableViewCell.xib in Resources */ = {isa = PBXBuildFile; fileRef = 50BD93BB234C602500A655DC /* TableViewCell.xib */; };
		50BD93BF234C615800A655DC /* table.swift in Sources */ = {isa = PBXBuildFile; fileRef = 50BD93BE234C615800A655DC /* table.swift */; };
		50BD93C1234C67AF00A655DC /* batu.png in Resources */ = {isa = PBXBuildFile; fileRef = 50BD93C0234C67AF00A655DC /* batu.png */; };
/* End PBXBuildFile section */

/* Begin PBXFileReference section */
		50BD93A3234C5F6E00A655DC /* cellwotukuritainnjaa.app */ = {isa = PBXFileReference; explicitFileType = wrapper.application; includeInIndex = 0; path = cellwotukuritainnjaa.app; sourceTree = BUILT_PRODUCTS_DIR; };
		50BD93A6234C5F6E00A655DC /* AppDelegate.swift */ = {isa = PBXFileReference; lastKnownFileType = sourcecode.swift; path = AppDelegate.swift; sourceTree = "<group>"; };
		50BD93A8234C5F6E00A655DC /* ViewController.swift */ = {isa = PBXFileReference; lastKnownFileType = sourcecode.swift; path = ViewController.swift; sourceTree = "<group>"; };
		50BD93AB234C5F6E00A655DC /* Base */ = {isa = PBXFileReference; lastKnownFileType = file.storyboard; name = Base; path = Base.lproj/Main.storyboard; sourceTree = "<group>"; };
		50BD93AD234C5F7000A655DC /* Assets.xcassets */ = {isa = PBXFileReference; lastKnownFileType = folder.assetcatalog; path = Assets.xcassets; sourceTree = "<group>"; };
		50BD93B0234C5F7000A655DC /* Base */ = {isa = PBXFileReference; lastKnownFileType = file.storyboard; name = Base; path = Base.lproj/LaunchScreen.storyboard; sourceTree = "<group>"; };
		50BD93B2234C5F7000A655DC /* Info.plist */ = {isa = PBXFileReference; lastKnownFileType = text.plist.xml; path = Info.plist; sourceTree = "<group>"; };
		50BD93BA234C602500A655DC /* TableViewCell.swift */ = {isa = PBXFileReference; lastKnownFileType = sourcecode.swift; path = TableViewCell.swift; sourceTree = "<group>"; };
		50BD93BB234C602500A655DC /* TableViewCell.xib */ = {isa = PBXFileReference; lastKnownFileType = file.xib; path = TableViewCell.xib; sourceTree = "<group>"; };
		50BD93BE234C615800A655DC /* table.swift */ = {isa = PBXFileReference; lastKnownFileType = sourcecode.swift; path = table.swift; sourceTree = "<group>"; };
		50BD93C0234C67AF00A655DC /* batu.png */ = {isa = PBXFileReference; lastKnownFileType = image.png; path = batu.png; sourceTree = "<group>"; };
/* End PBXFileReference section */

/* Begin PBXFrameworksBuildPhase section */
		50BD93A0234C5F6E00A655DC /* Frameworks */ = {
			isa = PBXFrameworksBuildPhase;
			buildActionMask = 2147483647;
			files = (
			);
			runOnlyForDeploymentPostprocessing = 0;
		};
/* End PBXFrameworksBuildPhase section */

/* Begin PBXGroup section */
		50BD939A234C5F6E00A655DC = {
			isa = PBXGroup;
			children = (
				50BD93A5234C5F6E00A655DC /* cellwotukuritainnjaa */,
				50BD93A4234C5F6E00A655DC /* Products */,
			);
			sourceTree = "<group>";
		};
		50BD93A4234C5F6E00A655DC /* Products */ = {
			isa = PBXGroup;
			children = (
				50BD93A3234C5F6E00A655DC /* cellwotukuritainnjaa.app */,
			);
			name = Products;
			sourceTree = "<group>";
		};
		50BD93A5234C5F6E00A655DC /* cellwotukuritainnjaa */ = {
			isa = PBXGroup;
			children = (
				50BD93C0234C67AF00A655DC /* batu.png */,
				50BD93A6234C5F6E00A655DC /* AppDelegate.swift */,
				50BD93A8234C5F6E00A655DC /* ViewController.swift */,
				50BD93BE234C615800A655DC /* table.swift */,
				50BD93AA234C5F6E00A655DC /* Main.storyboard */,
				50BD93AD234C5F7000A655DC /* Assets.xcassets */,
				50BD93AF234C5F7000A655DC /* LaunchScreen.storyboard */,
				50BD93B2234C5F7000A655DC /* Info.plist */,
				50BD93BA234C602500A655DC /* TableViewCell.swift */,
				50BD93BB234C602500A655DC /* TableViewCell.xib */,
			);
			path = cellwotukuritainnjaa;
			sourceTree = "<group>";
		};
/* End PBXGroup section */

/* Begin PBXNativeTarget section */
		50BD93A2234C5F6E00A655DC /* cellwotukuritainnjaa */ = {
			isa = PBXNativeTarget;
			buildConfigurationList = 50BD93B5234C5F7000A655DC /* Build configuration list for PBXNativeTarget "cellwotukuritainnjaa" */;
			buildPhases = (
				50BD939F234C5F6E00A655DC /* Sources */,
				50BD93A0234C5F6E00A655DC /* Frameworks */,
				50BD93A1234C5F6E00A655DC /* Resources */,
			);
			buildRules = (
			);
			dependencies = (
			);
			name = cellwotukuritainnjaa;
			productName = cellwotukuritainnjaa;
			productReference = 50BD93A3234C5F6E00A655DC /* cellwotukuritainnjaa.app */;
			productType = "com.apple.product-type.application";
		};
/* End PBXNativeTarget section */

/* Begin PBXProject section */
		50BD939B234C5F6E00A655DC /* Project object */ = {
			isa = PBXProject;
			attributes = {
				LastSwiftUpdateCheck = 1030;
				LastUpgradeCheck = 1030;
				ORGANIZATIONNAME = practice;
				TargetAttributes = {
					50BD93A2234C5F6E00A655DC = {
						CreatedOnToolsVersion = 10.3;
					};
				};
			};
			buildConfigurationList = 50BD939E234C5F6E00A655DC /* Build configuration list for PBXProject "cellwotukuritainnjaa" */;
			compatibilityVersion = "Xcode 9.3";
			developmentRegion = en;
			hasScannedForEncodings = 0;
			knownRegions = (
				en,
				Base,
			);
			mainGroup = 50BD939A234C5F6E00A655DC;
			productRefGroup = 50BD93A4234C5F6E00A655DC /* Products */;
			projectDirPath = "";
			projectRoot = "";
			targets = (
				50BD93A2234C5F6E00A655DC /* cellwotukuritainnjaa */,
			);
		};
/* End PBXProject section */

/* Begin PBXResourcesBuildPhase section */
		50BD93A1234C5F6E00A655DC /* Resources */ = {
			isa = PBXResourcesBuildPhase;
			buildActionMask = 2147483647;
			files = (
				50BD93B1234C5F7000A655DC /* LaunchScreen.storyboard in Resources */,
				50BD93C1234C67AF00A655DC /* batu.png in Resources */,
				50BD93BD234C602500A655DC /* TableViewCell.xib in Resources */,
				50BD93AE234C5F7000A655DC /* Assets.xcassets in Resources */,
				50BD93AC234C5F6E00A655DC /* Main.storyboard in Resources */,
			);
			runOnlyForDeploymentPostprocessing = 0;
		};
/* End PBXResourcesBuildPhase section */

/* Begin PBXSourcesBuildPhase section */
		50BD939F234C5F6E00A655DC /* Sources */ = {
			isa = PBXSourcesBuildPhase;
			buildActionMask = 2147483647;
			files = (
				50BD93BC234C602500A655DC /* TableViewCell.swift in Sources */,
				50BD93A9234C5F6E00A655DC /* ViewController.swift in Sources */,
				50BD93BF234C615800A655DC /* table.swift in Sources */,
				50BD93A7234C5F6E00A655DC /* AppDelegate.swift in Sources */,
			);
			runOnlyForDeploymentPostprocessing = 0;
		};
/* End PBXSourcesBuildPhase section */

/* Begin PBXVariantGroup section */
		50BD93AA234C5F6E00A655DC /* Main.storyboard */ = {
			isa = PBXVariantGroup;
			children = (
				50BD93AB234C5F6E00A655DC /* Base */,
			);
			name = Main.storyboard;
			sourceTree = "<group>";
		};
		50BD93AF234C5F7000A655DC /* LaunchScreen.storyboard */ = {
			isa = PBXVariantGroup;
			children = (
				50BD93B0234C5F7000A655DC /* Base */,
			);
			name = LaunchScreen.storyboard;
			sourceTree = "<group>";
		};
/* End PBXVariantGroup section */

/* Begin XCBuildConfiguration section */
		50BD93B3234C5F7000A655DC /* Debug */ = {
			isa = XCBuildConfiguration;
			buildSettings = {
				ALWAYS_SEARCH_USER_PATHS = NO;
				CLANG_ANALYZER_NONNULL = YES;
				CLANG_ANALYZER_NUMBER_OBJECT_CONVERSION = YES_AGGRESSIVE;
				CLANG_CXX_LANGUAGE_STANDARD = "gnu++14";
				CLANG_CXX_LIBRARY = "libc++";
				CLANG_ENABLE_MODULES = YES;
				CLANG_ENABLE_OBJC_ARC = YES;
				CLANG_ENABLE_OBJC_WEAK = YES;
				CLANG_WARN_BLOCK_CAPTURE_AUTORELEASING = YES;
				CLANG_WARN_BOOL_CONVERSION = YES;
				CLANG_WARN_COMMA = YES;
				CLANG_WARN_CONSTANT_CONVERSION = YES;
				CLANG_WARN_DEPRECATED_OBJC_IMPLEMENTATIONS = YES;
				CLANG_WARN_DIRECT_OBJC_ISA_USAGE = YES_ERROR;
				CLANG_WARN_DOCUMENTATION_COMMENTS = YES;
				CLANG_WARN_EMPTY_BODY = YES;
				CLANG_WARN_ENUM_CONVERSION = YES;
				CLANG_WARN_INFINITE_RECURSION = YES;
				CLANG_WARN_INT_CONVERSION = YES;
				CLANG_WARN_NON_LITERAL_NULL_CONVERSION = YES;
				CLANG_WARN_OBJC_IMPLICIT_RETAIN_SELF = YES;
				CLANG_WARN_OBJC_LITERAL_CONVERSION = YES;
				CLANG_WARN_OBJC_ROOT_CLASS = YES_ERROR;
				CLANG_WARN_RANGE_LOOP_ANALYSIS = YES;
				CLANG_WARN_STRICT_PROTOTYPES = YES;
				CLANG_WARN_SUSPICIOUS_MOVE = YES;
				CLANG_WARN_UNGUARDED_AVAILABILITY = YES_AGGRESSIVE;
				CLANG_WARN_UNREACHABLE_CODE = YES;
				CLANG_WARN__DUPLICATE_METHOD_MATCH = YES;
				CODE_SIGN_IDENTITY = "iPhone Developer";
				COPY_PHASE_STRIP = NO;
				DEBUG_INFORMATION_FORMAT = dwarf;
				ENABLE_STRICT_OBJC_MSGSEND = YES;
				ENABLE_TESTABILITY = YES;
				GCC_C_LANGUAGE_STANDARD = gnu11;
				GCC_DYNAMIC_NO_PIC = NO;
				GCC_NO_COMMON_BLOCKS = YES;
				GCC_OPTIMIZATION_LEVEL = 0;
				GCC_PREPROCESSOR_DEFINITIONS = (
					"DEBUG=1",
					"$(inherited)",
				);
				GCC_WARN_64_TO_32_BIT_CONVERSION = YES;
				GCC_WARN_ABOUT_RETURN_TYPE = YES_ERROR;
				GCC_WARN_UNDECLARED_SELECTOR = YES;
				GCC_WARN_UNINITIALIZED_AUTOS = YES_AGGRESSIVE;
				GCC_WARN_UNUSED_FUNCTION = YES;
				GCC_WARN_UNUSED_VARIABLE = YES;
				IPHONEOS_DEPLOYMENT_TARGET = 12.4;
				MTL_ENABLE_DEBUG_INFO = INCLUDE_SOURCE;
				MTL_FAST_MATH = YES;
				ONLY_ACTIVE_ARCH = YES;
				SDKROOT = iphoneos;
				SWIFT_ACTIVE_COMPILATION_CONDITIONS = DEBUG;
				SWIFT_OPTIMIZATION_LEVEL = "-Onone";
			};
			name = Debug;
		};
		50BD93B4234C5F7000A655DC /* Release */ = {
			isa = XCBuildConfiguration;
			buildSettings = {
				ALWAYS_SEARCH_USER_PATHS = NO;
				CLANG_ANALYZER_NONNULL = YES;
				CLANG_ANALYZER_NUMBER_OBJECT_CONVERSION = YES_AGGRESSIVE;
				CLANG_CXX_LANGUAGE_STANDARD = "gnu++14";
				CLANG_CXX_LIBRARY = "libc++";
				CLANG_ENABLE_MODULES = YES;
				CLANG_ENABLE_OBJC_ARC = YES;
				CLANG_ENABLE_OBJC_WEAK = YES;
				CLANG_WARN_BLOCK_CAPTURE_AUTORELEASING = YES;
				CLANG_WARN_BOOL_CONVERSION = YES;
				CLANG_WARN_COMMA = YES;
				CLANG_WARN_CONSTANT_CONVERSION = YES;
				CLANG_WARN_DEPRECATED_OBJC_IMPLEMENTATIONS = YES;
				CLANG_WARN_DIRECT_OBJC_ISA_USAGE = YES_ERROR;
				CLANG_WARN_DOCUMENTATION_COMMENTS = YES;
				CLANG_WARN_EMPTY_BODY = YES;
				CLANG_WARN_ENUM_CONVERSION = YES;
				CLANG_WARN_INFINITE_RECURSION = YES;
				CLANG_WARN_INT_CONVERSION = YES;
				CLANG_WARN_NON_LITERAL_NULL_CONVERSION = YES;
				CLANG_WARN_OBJC_IMPLICIT_RETAIN_SELF = YES;
				CLANG_WARN_OBJC_LITERAL_CONVERSION = YES;
				CLANG_WARN_OBJC_ROOT_CLASS = YES_ERROR;
				CLANG_WARN_RANGE_LOOP_ANALYSIS = YES;
				CLANG_WARN_STRICT_PROTOTYPES = YES;
				CLANG_WARN_SUSPICIOUS_MOVE = YES;
				CLANG_WARN_UNGUARDED_AVAILABILITY = YES_AGGRESSIVE;
				CLANG_WARN_UNREACHABLE_CODE = YES;
				CLANG_WARN__DUPLICATE_METHOD_MATCH = YES;
				CODE_SIGN_IDENTITY = "iPhone Developer";
				COPY_PHASE_STRIP = NO;
				DEBUG_INFORMATION_FORMAT = "dwarf-with-dsym";
				ENABLE_NS_ASSERTIONS = NO;
				ENABLE_STRICT_OBJC_MSGSEND = YES;
				GCC_C_LANGUAGE_STANDARD = gnu11;
				GCC_NO_COMMON_BLOCKS = YES;
				GCC_WARN_64_TO_32_BIT_CONVERSION = YES;
				GCC_WARN_ABOUT_RETURN_TYPE = YES_ERROR;
				GCC_WARN_UNDECLARED_SELECTOR = YES;
				GCC_WARN_UNINITIALIZED_AUTOS = YES_AGGRESSIVE;
				GCC_WARN_UNUSED_FUNCTION = YES;
				GCC_WARN_UNUSED_VARIABLE = YES;
				IPHONEOS_DEPLOYMENT_TARGET = 12.4;
				MTL_ENABLE_DEBUG_INFO = NO;
				MTL_FAST_MATH = YES;
				SDKROOT = iphoneos;
				SWIFT_COMPILATION_MODE = wholemodule;
				SWIFT_OPTIMIZATION_LEVEL = "-O";
				VALIDATE_PRODUCT = YES;
			};
			name = Release;
		};
		50BD93B6234C5F7000A655DC /* Debug */ = {
			isa = XCBuildConfiguration;
			buildSettings = {
				ASSETCATALOG_COMPILER_APPICON_NAME = AppIcon;
				CODE_SIGN_STYLE = Automatic;
				DEVELOPMENT_TEAM = AVVKJMK6ZV;
				INFOPLIST_FILE = cellwotukuritainnjaa/Info.plist;
				LD_RUNPATH_SEARCH_PATHS = (
					"$(inherited)",
					"@executable_path/Frameworks",
				);
				PRODUCT_BUNDLE_IDENTIFIER = "the-world-of-pracice.cellwotukuritainnjaa";
				PRODUCT_NAME = "$(TARGET_NAME)";
				SWIFT_VERSION = 5.0;
				TARGETED_DEVICE_FAMILY = "1,2";
			};
			name = Debug;
		};
		50BD93B7234C5F7000A655DC /* Release */ = {
			isa = XCBuildConfiguration;
			buildSettings = {
				ASSETCATALOG_COMPILER_APPICON_NAME = AppIcon;
				CODE_SIGN_STYLE = Automatic;
				DEVELOPMENT_TEAM = AVVKJMK6ZV;
				INFOPLIST_FILE = cellwotukuritainnjaa/Info.plist;
				LD_RUNPATH_SEARCH_PATHS = (
					"$(inherited)",
					"@executable_path/Frameworks",
				);
				PRODUCT_BUNDLE_IDENTIFIER = "the-world-of-pracice.cellwotukuritainnjaa";
				PRODUCT_NAME = "$(TARGET_NAME)";
				SWIFT_VERSION = 5.0;
				TARGETED_DEVICE_FAMILY = "1,2";
			};
			name = Release;
		};
/* End XCBuildConfiguration section */

/* Begin XCConfigurationList section */
		50BD939E234C5F6E00A655DC /* Build configuration list for PBXProject "cellwotukuritainnjaa" */ = {
			isa = XCConfigurationList;
			buildConfigurations = (
				50BD93B3234C5F7000A655DC /* Debug */,
				50BD93B4234C5F7000A655DC /* Release */,
			);
			defaultConfigurationIsVisible = 0;
			defaultConfigurationName = Release;
		};
		50BD93B5234C5F7000A655DC /* Build configuration list for PBXNativeTarget "cellwotukuritainnjaa" */ = {
			isa = XCConfigurationList;
			buildConfigurations = (
				50BD93B6234C5F7000A655DC /* Debug */,
				50BD93B7234C5F7000A655DC /* Release */,
			);
			defaultConfigurationIsVisible = 0;
			defaultConfigurationName = Release;
		};
/* End XCConfigurationList section */
	};
	rootObject = 50BD939B234C5F6E00A655DC /* Project object */;
}
